
Microsoft Visual Studio Solution File, Format Version 10.00
# Visual Studio 2008
Project("{8BC9CEB8-8B4A-11D0-8D11-00A0C91BC942}") = "stock_policy", "stock_policy.vcproj", "{6ECC63AC-D87C-4CFD-B9D5-D8EE299BC036}"
EndProject
Global
	GlobalSection(SolutionConfigurationPlatforms) = preSolution
		Debug|Win32 = Debug|Win32
		Release|Win32 = Release|Win32
	EndGlobalSection
	GlobalSection(ProjectConfigurationPlatforms) = postSolution
		{6ECC63AC-D87C-4CFD-B9D5-D8EE299BC036}.Debug|Win32.ActiveCfg = Debug|Win32
		{6ECC63AC-D87C-4CFD-B9D5-D8EE299BC036}.Debug|Win32.Build.0 = Debug|Win32
		{6ECC63AC-D87C-4CFD-B9D5-D8EE299BC036}.Release|Win32.ActiveCfg = Release|Win32
		{6ECC63AC-D87C-4CFD-B9D5-D8EE299BC036}.Release|Win32.Build.0 = Release|Win32
	EndGlobalSection
	GlobalSection(SolutionProperties) = preSolution
		HideSolutionNode = FALSE
	EndGlobalSection
EndGlobal
